
Microsoft Visual Studio Solution File, Format Version 12.00
# Visual Studio Version 17
VisualStudioVersion = 17.14.36603.0 d17.14
MinimumVisualStudioVersion = 10.0.40219.1
Project("{FAE04EC0-301F-11D3-BF4B-00C04F79EFBC}") = "coj", "coj.csproj", "{466D99B5-07D1-41EB-A3B4-8FB6A4C87BEB}"
EndProject
Global
	GlobalSection(SolutionConfigurationPlatforms) = preSolution
		Debug|Any CPU = Debug|Any CPU
		Release|Any CPU = Release|Any CPU
	EndGlobalSection
	GlobalSection(ProjectConfigurationPlatforms) = postSolution
		{466D99B5-07D1-41EB-A3B4-8FB6A4C87BEB}.Debug|Any CPU.ActiveCfg = Debug|Any CPU
		{466D99B5-07D1-41EB-A3B4-8FB6A4C87BEB}.Debug|Any CPU.Build.0 = Debug|Any CPU
		{466D99B5-07D1-41EB-A3B4-8FB6A4C87BEB}.Release|Any CPU.ActiveCfg = Release|Any CPU
		{466D99B5-07D1-41EB-A3B4-8FB6A4C87BEB}.Release|Any CPU.Build.0 = Release|Any CPU
	EndGlobalSection
	GlobalSection(SolutionProperties) = preSolution
		HideSolutionNode = FALSE
	EndGlobalSection
	GlobalSection(ExtensibilityGlobals) = postSolution
		SolutionGuid = {A3EB5A29-FB84-475C-A1F4-0B68A8109B08}
	EndGlobalSection
EndGlobal
